
Microsoft Visual Studio Solution File, Format Version 12.00
# Visual Studio Version 16
VisualStudioVersion = 16.0.31019.35
MinimumVisualStudioVersion = 10.0.40219.1
Project("{FAE04EC0-301F-11D3-BF4B-00C04F79EFBC}") = "EXERCICE WEB", "EXERCICE WEB\EXERCICE WEB.csproj", "{1D9A0FE6-ED87-49E0-BBAB-7F5D8EE585B6}"
EndProject
Global
	GlobalSection(SolutionConfigurationPlatforms) = preSolution
		Debug|Any CPU = Debug|Any CPU
		Release|Any CPU = Release|Any CPU
	EndGlobalSection
	GlobalSection(ProjectConfigurationPlatforms) = postSolution
		{1D9A0FE6-ED87-49E0-BBAB-7F5D8EE585B6}.Debug|Any CPU.ActiveCfg = Debug|Any CPU
		{1D9A0FE6-ED87-49E0-BBAB-7F5D8EE585B6}.Debug|Any CPU.Build.0 = Debug|Any CPU
		{1D9A0FE6-ED87-49E0-BBAB-7F5D8EE585B6}.Release|Any CPU.ActiveCfg = Release|Any CPU
		{1D9A0FE6-ED87-49E0-BBAB-7F5D8EE585B6}.Release|Any CPU.Build.0 = Release|Any CPU
	EndGlobalSection
	GlobalSection(SolutionProperties) = preSolution
		HideSolutionNode = FALSE
	EndGlobalSection
	GlobalSection(ExtensibilityGlobals) = postSolution
		SolutionGuid = {3EB84C97-2220-470A-A3DB-680D95AEAED2}
	EndGlobalSection
EndGlobal
